
Microsoft Visual Studio Solution File, Format Version 12.00
# Visual Studio 15
VisualStudioVersion = 15.0.27004.2005
MinimumVisualStudioVersion = 10.0.40219.1
Project("{FAE04EC0-301F-11D3-BF4B-00C04F79EFBC}") = "ImageGlass.ImageBox", "ImageGlass.ImageBox\ImageGlass.ImageBox.csproj", "{77A10657-6FDA-4DDB-83E6-F33D6E02D2E5}"
EndProject
Project("{FAE04EC0-301F-11D3-BF4B-00C04F79EFBC}") = "Sample", "Sample\Sample.csproj", "{627390C8-FDCC-4BF4-9B5E-24E3BDC83C8E}"
EndProject
Global
	GlobalSection(SolutionConfigurationPlatforms) = preSolution
		Debug|Any CPU = Debug|Any CPU
		Release|Any CPU = Release|Any CPU
	EndGlobalSection
	GlobalSection(ProjectConfigurationPlatforms) = postSolution
		{77A10657-6FDA-4DDB-83E6-F33D6E02D2E5}.Debug|Any CPU.ActiveCfg = Debug|Any CPU
		{77A10657-6FDA-4DDB-83E6-F33D6E02D2E5}.Debug|Any CPU.Build.0 = Debug|Any CPU
		{77A10657-6FDA-4DDB-83E6-F33D6E02D2E5}.Release|Any CPU.ActiveCfg = Release|Any CPU
		{77A10657-6FDA-4DDB-83E6-F33D6E02D2E5}.Release|Any CPU.Build.0 = Release|Any CPU
		{627390C8-FDCC-4BF4-9B5E-24E3BDC83C8E}.Debug|Any CPU.ActiveCfg = Debug|Any CPU
		{627390C8-FDCC-4BF4-9B5E-24E3BDC83C8E}.Debug|Any CPU.Build.0 = Debug|Any CPU
		{627390C8-FDCC-4BF4-9B5E-24E3BDC83C8E}.Release|Any CPU.ActiveCfg = Release|Any CPU
		{627390C8-FDCC-4BF4-9B5E-24E3BDC83C8E}.Release|Any CPU.Build.0 = Release|Any CPU
	EndGlobalSection
	GlobalSection(SolutionProperties) = preSolution
		HideSolutionNode = FALSE
	EndGlobalSection
	GlobalSection(ExtensibilityGlobals) = postSolution
		SolutionGuid = {0064C927-049B-40BE-97F0-38FEC7BF683F}
	EndGlobalSection
EndGlobal
